
Microsoft Visual Studio Solution File, Format Version 12.00
# Visual Studio Version 17
VisualStudioVersion = 17.9.34728.123
MinimumVisualStudioVersion = 10.0.40219.1
Project("{FAE04EC0-301F-11D3-BF4B-00C04F79EFBC}") = "E8A", "E8A\E8A.csproj", "{ECC7A9EB-3821-4CFE-9EBE-45F45EB87363}"
EndProject
Global
	GlobalSection(SolutionConfigurationPlatforms) = preSolution
		Debug|Any CPU = Debug|Any CPU
		Release|Any CPU = Release|Any CPU
	EndGlobalSection
	GlobalSection(ProjectConfigurationPlatforms) = postSolution
		{ECC7A9EB-3821-4CFE-9EBE-45F45EB87363}.Debug|Any CPU.ActiveCfg = Debug|Any CPU
		{ECC7A9EB-3821-4CFE-9EBE-45F45EB87363}.Debug|Any CPU.Build.0 = Debug|Any CPU
		{ECC7A9EB-3821-4CFE-9EBE-45F45EB87363}.Release|Any CPU.ActiveCfg = Release|Any CPU
		{ECC7A9EB-3821-4CFE-9EBE-45F45EB87363}.Release|Any CPU.Build.0 = Release|Any CPU
	EndGlobalSection
	GlobalSection(SolutionProperties) = preSolution
		HideSolutionNode = FALSE
	EndGlobalSection
	GlobalSection(ExtensibilityGlobals) = postSolution
		SolutionGuid = {578FC52D-AABA-46A6-819A-7297BA3A029E}
	EndGlobalSection
EndGlobal
